
Microsoft Visual Studio Solution File, Format Version 12.00
Project("{FAE04EC0-301F-11D3-BF4B-00C04F79EFBC}") = "Silt", "Silt\Silt.csproj", "{ED48DE53-05CA-4AF4-9A2E-8383CB9BBD46}"
EndProject
Global
	GlobalSection(SolutionConfigurationPlatforms) = preSolution
		Debug|Any CPU = Debug|Any CPU
		Release|Any CPU = Release|Any CPU
	EndGlobalSection
	GlobalSection(ProjectConfigurationPlatforms) = postSolution
		{ED48DE53-05CA-4AF4-9A2E-8383CB9BBD46}.Debug|Any CPU.ActiveCfg = Debug|Any CPU
		{ED48DE53-05CA-4AF4-9A2E-8383CB9BBD46}.Debug|Any CPU.Build.0 = Debug|Any CPU
		{ED48DE53-05CA-4AF4-9A2E-8383CB9BBD46}.Release|Any CPU.ActiveCfg = Release|Any CPU
		{ED48DE53-05CA-4AF4-9A2E-8383CB9BBD46}.Release|Any CPU.Build.0 = Release|Any CPU
	EndGlobalSection
EndGlobal
